
Microsoft Visual Studio Solution File, Format Version 12.00
# Visual Studio Version 17
VisualStudioVersion = 17.1.32210.238
MinimumVisualStudioVersion = 10.0.40219.1
Project("{FAE04EC0-301F-11D3-BF4B-00C04F79EFBC}") = "codebasetest1", "codebasetest1\codebasetest1.csproj", "{19821F4D-2E43-4FC7-892B-A69E9D3169C4}"
EndProject
Global
	GlobalSection(SolutionConfigurationPlatforms) = preSolution
		Debug|Any CPU = Debug|Any CPU
		Release|Any CPU = Release|Any CPU
	EndGlobalSection
	GlobalSection(ProjectConfigurationPlatforms) = postSolution
		{19821F4D-2E43-4FC7-892B-A69E9D3169C4}.Debug|Any CPU.ActiveCfg = Debug|Any CPU
		{19821F4D-2E43-4FC7-892B-A69E9D3169C4}.Debug|Any CPU.Build.0 = Debug|Any CPU
		{19821F4D-2E43-4FC7-892B-A69E9D3169C4}.Release|Any CPU.ActiveCfg = Release|Any CPU
		{19821F4D-2E43-4FC7-892B-A69E9D3169C4}.Release|Any CPU.Build.0 = Release|Any CPU
	EndGlobalSection
	GlobalSection(SolutionProperties) = preSolution
		HideSolutionNode = FALSE
	EndGlobalSection
	GlobalSection(ExtensibilityGlobals) = postSolution
		SolutionGuid = {7BCA789E-EC7E-4B69-AB74-A5A7523401E1}
	EndGlobalSection
EndGlobal
